
Microsoft Visual Studio Solution File, Format Version 12.00
# Visual Studio 14
VisualStudioVersion = 14.0.25420.1
MinimumVisualStudioVersion = 10.0.40219.1
Project("{FAE04EC0-301F-11D3-BF4B-00C04F79EFBC}") = "TaskAssignments.WinForms", "TaskAssignments.WinForms\TaskAssignments.WinForms.csproj", "{DABBEAED-F19A-4E80-AB2D-D411E41CF6AB}"
EndProject
Project("{FAE04EC0-301F-11D3-BF4B-00C04F79EFBC}") = "TaskAssignments.MVC", "TaskAssignments.MVC\TaskAssignments.MVC.csproj", "{E7488091-6EF4-419F-ADFE-0062407B17FF}"
EndProject
Project("{FAE04EC0-301F-11D3-BF4B-00C04F79EFBC}") = "Shared.Data", "Shared.Data\Shared.Data.csproj", "{5633C7F5-68ED-4311-AF0E-311889818ED3}"
EndProject
Global
	GlobalSection(SolutionConfigurationPlatforms) = preSolution
		Debug|Any CPU = Debug|Any CPU
		Release|Any CPU = Release|Any CPU
	EndGlobalSection
	GlobalSection(ProjectConfigurationPlatforms) = postSolution
		{DABBEAED-F19A-4E80-AB2D-D411E41CF6AB}.Debug|Any CPU.ActiveCfg = Debug|Any CPU
		{DABBEAED-F19A-4E80-AB2D-D411E41CF6AB}.Debug|Any CPU.Build.0 = Debug|Any CPU
		{DABBEAED-F19A-4E80-AB2D-D411E41CF6AB}.Release|Any CPU.ActiveCfg = Release|Any CPU
		{DABBEAED-F19A-4E80-AB2D-D411E41CF6AB}.Release|Any CPU.Build.0 = Release|Any CPU
		{E7488091-6EF4-419F-ADFE-0062407B17FF}.Debug|Any CPU.ActiveCfg = Debug|Any CPU
		{E7488091-6EF4-419F-ADFE-0062407B17FF}.Debug|Any CPU.Build.0 = Debug|Any CPU
		{E7488091-6EF4-419F-ADFE-0062407B17FF}.Release|Any CPU.ActiveCfg = Release|Any CPU
		{E7488091-6EF4-419F-ADFE-0062407B17FF}.Release|Any CPU.Build.0 = Release|Any CPU
		{5633C7F5-68ED-4311-AF0E-311889818ED3}.Debug|Any CPU.ActiveCfg = Debug|Any CPU
		{5633C7F5-68ED-4311-AF0E-311889818ED3}.Debug|Any CPU.Build.0 = Debug|Any CPU
		{5633C7F5-68ED-4311-AF0E-311889818ED3}.Release|Any CPU.ActiveCfg = Release|Any CPU
		{5633C7F5-68ED-4311-AF0E-311889818ED3}.Release|Any CPU.Build.0 = Release|Any CPU
	EndGlobalSection
	GlobalSection(SolutionProperties) = preSolution
		HideSolutionNode = FALSE
	EndGlobalSection
EndGlobal
